
Microsoft Visual Studio Solution File, Format Version 12.00
# Visual Studio Version 17
VisualStudioVersion = 17.2.32526.322
MinimumVisualStudioVersion = 10.0.40219.1
Project("{FAE04EC0-301F-11D3-BF4B-00C04F79EFBC}") = "SocialMedia", "SocialMedia\SocialMedia.csproj", "{582B513C-CE45-4B2D-A2B7-8E2AF00D388B}"
EndProject
Global
	GlobalSection(SolutionConfigurationPlatforms) = preSolution
		Debug|Any CPU = Debug|Any CPU
		Release|Any CPU = Release|Any CPU
	EndGlobalSection
	GlobalSection(ProjectConfigurationPlatforms) = postSolution
		{582B513C-CE45-4B2D-A2B7-8E2AF00D388B}.Debug|Any CPU.ActiveCfg = Debug|Any CPU
		{582B513C-CE45-4B2D-A2B7-8E2AF00D388B}.Debug|Any CPU.Build.0 = Debug|Any CPU
		{582B513C-CE45-4B2D-A2B7-8E2AF00D388B}.Release|Any CPU.ActiveCfg = Release|Any CPU
		{582B513C-CE45-4B2D-A2B7-8E2AF00D388B}.Release|Any CPU.Build.0 = Release|Any CPU
	EndGlobalSection
	GlobalSection(SolutionProperties) = preSolution
		HideSolutionNode = FALSE
	EndGlobalSection
	GlobalSection(ExtensibilityGlobals) = postSolution
		SolutionGuid = {5156B78E-3C9E-427B-918D-F553F6938822}
	EndGlobalSection
EndGlobal
